// !$*UTF8*$!
{
	archiveVersion = 1;
	classes = {
	};
	objectVersion = 56;
	objects = {

/* Begin PBXBuildFile section */
		56542A3BBBBE36DD0701C686 /* Pods_NASA_Images.framework in Frameworks */ = {isa = PBXBuildFile; fileRef = 2C49246EDC82E6B8A371F403 /* Pods_NASA_Images.framework */; };
		B53888532A794EF000EEFCE8 /* PagingImageCell.swift in Sources */ = {isa = PBXBuildFile; fileRef = B53888522A794EF000EEFCE8 /* PagingImageCell.swift */; };
		B53888552A794F5100EEFCE8 /* PagingDescriptionCell.swift in Sources */ = {isa = PBXBuildFile; fileRef = B53888542A794F5100EEFCE8 /* PagingDescriptionCell.swift */; };
		B53888572A7B582400EEFCE8 /* ImageDetailsViewController.swift in Sources */ = {isa = PBXBuildFile; fileRef = B53888562A7B582400EEFCE8 /* ImageDetailsViewController.swift */; };
		B55A0F202A7432950052F75B /* PinterestLayout.swift in Sources */ = {isa = PBXBuildFile; fileRef = B55A0F1F2A7432950052F75B /* PinterestLayout.swift */; };
		B5A3E1832A5B834000A39617 /* AppDelegate.swift in Sources */ = {isa = PBXBuildFile; fileRef = B5A3E1822A5B834000A39617 /* AppDelegate.swift */; };
		B5A3E1852A5B834000A39617 /* SceneDelegate.swift in Sources */ = {isa = PBXBuildFile; fileRef = B5A3E1842A5B834000A39617 /* SceneDelegate.swift */; };
		B5A3E1872A5B834000A39617 /* ViewController.swift in Sources */ = {isa = PBXBuildFile; fileRef = B5A3E1862A5B834000A39617 /* ViewController.swift */; };
		B5A3E18A2A5B834000A39617 /* Main.storyboard in Resources */ = {isa = PBXBuildFile; fileRef = B5A3E1882A5B834000A39617 /* Main.storyboard */; };
		B5A3E18C2A5B834300A39617 /* Assets.xcassets in Resources */ = {isa = PBXBuildFile; fileRef = B5A3E18B2A5B834300A39617 /* Assets.xcassets */; };
		B5A3E18F2A5B834300A39617 /* LaunchScreen.storyboard in Resources */ = {isa = PBXBuildFile; fileRef = B5A3E18D2A5B834300A39617 /* LaunchScreen.storyboard */; };
		B5A3E1972A5B83E300A39617 /* BaseTabBarController.swift in Sources */ = {isa = PBXBuildFile; fileRef = B5A3E1962A5B83E300A39617 /* BaseTabBarController.swift */; };
		B5A3E1992A5B85C700A39617 /* ImageSearchController.swift in Sources */ = {isa = PBXBuildFile; fileRef = B5A3E1982A5B85C700A39617 /* ImageSearchController.swift */; };
		B5A3E19F2A5B875C00A39617 /* SearchResultsCell.swift in Sources */ = {isa = PBXBuildFile; fileRef = B5A3E19E2A5B875C00A39617 /* SearchResultsCell.swift */; };
		B5A3E1D22A5E244A00A39617 /* Extensions.swift in Sources */ = {isa = PBXBuildFile; fileRef = B5A3E1D12A5E244A00A39617 /* Extensions.swift */; };
		B5A3E1D42A5E26A400A39617 /* Service.swift in Sources */ = {isa = PBXBuildFile; fileRef = B5A3E1D32A5E26A400A39617 /* Service.swift */; };
		B5A3E1D62A5E3DAE00A39617 /* VerticalStackView.swift in Sources */ = {isa = PBXBuildFile; fileRef = B5A3E1D52A5E3DAE00A39617 /* VerticalStackView.swift */; };
		B5A3E1D82A5E4FAD00A39617 /* Model.swift in Sources */ = {isa = PBXBuildFile; fileRef = B5A3E1D72A5E4FAD00A39617 /* Model.swift */; };
		B5A3E2172A65E5E600A39617 /* DetailsController.swift in Sources */ = {isa = PBXBuildFile; fileRef = B5A3E2162A65E5E600A39617 /* DetailsController.swift */; };
		B5A3E2192A688CFE00A39617 /* Notes.txt in Resources */ = {isa = PBXBuildFile; fileRef = B5A3E2182A688CFE00A39617 /* Notes.txt */; };
		B5A3E21C2A68909D00A39617 /* DetailsCell.swift in Sources */ = {isa = PBXBuildFile; fileRef = B5A3E21B2A68909D00A39617 /* DetailsCell.swift */; };
		B5A3E2772A6A8B9A00A39617 /* CHTCollectionViewWaterfallLayout in Frameworks */ = {isa = PBXBuildFile; productRef = B5A3E2762A6A8B9A00A39617 /* CHTCollectionViewWaterfallLayout */; };
		B5A3E2792A6CA7C800A39617 /* PinterestLayoutDelegae.swift in Sources */ = {isa = PBXBuildFile; fileRef = B5A3E2782A6CA7C800A39617 /* PinterestLayoutDelegae.swift */; };
/* End PBXBuildFile section */

/* Begin PBXFileReference section */
		2C49246EDC82E6B8A371F403 /* Pods_NASA_Images.framework */ = {isa = PBXFileReference; explicitFileType = wrapper.framework; includeInIndex = 0; path = Pods_NASA_Images.framework; sourceTree = BUILT_PRODUCTS_DIR; };
		391173878203512C0E1F313A /* Pods-NASA_Images.release.xcconfig */ = {isa = PBXFileReference; includeInIndex = 1; lastKnownFileType = text.xcconfig; name = "Pods-NASA_Images.release.xcconfig"; path = "Target Support Files/Pods-NASA_Images/Pods-NASA_Images.release.xcconfig"; sourceTree = "<group>"; };
		89E1507C0EF8EFE8F02AE923 /* Pods-NASA_Images.debug.xcconfig */ = {isa = PBXFileReference; includeInIndex = 1; lastKnownFileType = text.xcconfig; name = "Pods-NASA_Images.debug.xcconfig"; path = "Target Support Files/Pods-NASA_Images/Pods-NASA_Images.debug.xcconfig"; sourceTree = "<group>"; };
		B53888522A794EF000EEFCE8 /* PagingImageCell.swift */ = {isa = PBXFileReference; lastKnownFileType = sourcecode.swift; path = PagingImageCell.swift; sourceTree = "<group>"; };
		B53888542A794F5100EEFCE8 /* PagingDescriptionCell.swift */ = {isa = PBXFileReference; lastKnownFileType = sourcecode.swift; path = PagingDescriptionCell.swift; sourceTree = "<group>"; };
		B53888562A7B582400EEFCE8 /* ImageDetailsViewController.swift */ = {isa = PBXFileReference; lastKnownFileType = sourcecode.swift; path = ImageDetailsViewController.swift; sourceTree = "<group>"; };
		B55A0F1F2A7432950052F75B /* PinterestLayout.swift */ = {isa = PBXFileReference; lastKnownFileType = sourcecode.swift; path = PinterestLayout.swift; sourceTree = "<group>"; };
		B5A3E17F2A5B834000A39617 /* NASA_Images.app */ = {isa = PBXFileReference; explicitFileType = wrapper.application; includeInIndex = 0; path = NASA_Images.app; sourceTree = BUILT_PRODUCTS_DIR; };
		B5A3E1822A5B834000A39617 /* AppDelegate.swift */ = {isa = PBXFileReference; lastKnownFileType = sourcecode.swift; path = AppDelegate.swift; sourceTree = "<group>"; };
		B5A3E1842A5B834000A39617 /* SceneDelegate.swift */ = {isa = PBXFileReference; lastKnownFileType = sourcecode.swift; path = SceneDelegate.swift; sourceTree = "<group>"; };
		B5A3E1862A5B834000A39617 /* ViewController.swift */ = {isa = PBXFileReference; lastKnownFileType = sourcecode.swift; path = ViewController.swift; sourceTree = "<group>"; };
		B5A3E1892A5B834000A39617 /* Base */ = {isa = PBXFileReference; lastKnownFileType = file.storyboard; name = Base; path = Base.lproj/Main.storyboard; sourceTree = "<group>"; };
		B5A3E18B2A5B834300A39617 /* Assets.xcassets */ = {isa = PBXFileReference; lastKnownFileType = folder.assetcatalog; path = Assets.xcassets; sourceTree = "<group>"; };
		B5A3E18E2A5B834300A39617 /* Base */ = {isa = PBXFileReference; lastKnownFileType = file.storyboard; name = Base; path = Base.lproj/LaunchScreen.storyboard; sourceTree = "<group>"; };
		B5A3E1902A5B834300A39617 /* Info.plist */ = {isa = PBXFileReference; lastKnownFileType = text.plist.xml; path = Info.plist; sourceTree = "<group>"; };
		B5A3E1962A5B83E300A39617 /* BaseTabBarController.swift */ = {isa = PBXFileReference; lastKnownFileType = sourcecode.swift; path = BaseTabBarController.swift; sourceTree = "<group>"; };
		B5A3E1982A5B85C700A39617 /* ImageSearchController.swift */ = {isa = PBXFileReference; lastKnownFileType = sourcecode.swift; path = ImageSearchController.swift; sourceTree = "<group>"; };
		B5A3E19E2A5B875C00A39617 /* SearchResultsCell.swift */ = {isa = PBXFileReference; lastKnownFileType = sourcecode.swift; path = SearchResultsCell.swift; sourceTree = "<group>"; };
		B5A3E1D12A5E244A00A39617 /* Extensions.swift */ = {isa = PBXFileReference; lastKnownFileType = sourcecode.swift; path = Extensions.swift; sourceTree = "<group>"; };
		B5A3E1D32A5E26A400A39617 /* Service.swift */ = {isa = PBXFileReference; lastKnownFileType = sourcecode.swift; path = Service.swift; sourceTree = "<group>"; };
		B5A3E1D52A5E3DAE00A39617 /* VerticalStackView.swift */ = {isa = PBXFileReference; lastKnownFileType = sourcecode.swift; path = VerticalStackView.swift; sourceTree = "<group>"; };
		B5A3E1D72A5E4FAD00A39617 /* Model.swift */ = {isa = PBXFileReference; lastKnownFileType = sourcecode.swift; path = Model.swift; sourceTree = "<group>"; };
		B5A3E2162A65E5E600A39617 /* DetailsController.swift */ = {isa = PBXFileReference; lastKnownFileType = sourcecode.swift; path = DetailsController.swift; sourceTree = "<group>"; };
		B5A3E2182A688CFE00A39617 /* Notes.txt */ = {isa = PBXFileReference; fileEncoding = 4; lastKnownFileType = text; path = Notes.txt; sourceTree = "<group>"; };
		B5A3E21B2A68909D00A39617 /* DetailsCell.swift */ = {isa = PBXFileReference; lastKnownFileType = sourcecode.swift; path = DetailsCell.swift; sourceTree = "<group>"; };
		B5A3E2782A6CA7C800A39617 /* PinterestLayoutDelegae.swift */ = {isa = PBXFileReference; lastKnownFileType = sourcecode.swift; path = PinterestLayoutDelegae.swift; sourceTree = "<group>"; };
/* End PBXFileReference section */

/* Begin PBXFrameworksBuildPhase section */
		B5A3E17C2A5B834000A39617 /* Frameworks */ = {
			isa = PBXFrameworksBuildPhase;
			buildActionMask = 2147483647;
			files = (
				B5A3E2772A6A8B9A00A39617 /* CHTCollectionViewWaterfallLayout in Frameworks */,
				56542A3BBBBE36DD0701C686 /* Pods_NASA_Images.framework in Frameworks */,
			);
			runOnlyForDeploymentPostprocessing = 0;
		};
/* End PBXFrameworksBuildPhase section */

/* Begin PBXGroup section */
		AD1BF3FC8677A81B4D8AE7AF /* Pods */ = {
			isa = PBXGroup;
			children = (
				89E1507C0EF8EFE8F02AE923 /* Pods-NASA_Images.debug.xcconfig */,
				391173878203512C0E1F313A /* Pods-NASA_Images.release.xcconfig */,
			);
			path = Pods;
			sourceTree = "<group>";
		};
		B55A0F1E2A7432820052F75B /* Layouts */ = {
			isa = PBXGroup;
			children = (
				B55A0F1F2A7432950052F75B /* PinterestLayout.swift */,
			);
			path = Layouts;
			sourceTree = "<group>";
		};
		B5A3E1762A5B834000A39617 = {
			isa = PBXGroup;
			children = (
				B5A3E1812A5B834000A39617 /* NASA_Images */,
				B5A3E1802A5B834000A39617 /* Products */,
				AD1BF3FC8677A81B4D8AE7AF /* Pods */,
				C8167FD003289A793C6636FC /* Frameworks */,
			);
			sourceTree = "<group>";
		};
		B5A3E1802A5B834000A39617 /* Products */ = {
			isa = PBXGroup;
			children = (
				B5A3E17F2A5B834000A39617 /* NASA_Images.app */,
			);
			name = Products;
			sourceTree = "<group>";
		};
		B5A3E1812A5B834000A39617 /* NASA_Images */ = {
			isa = PBXGroup;
			children = (
				B55A0F1E2A7432820052F75B /* Layouts */,
				B5A3E19D2A5B871900A39617 /* Service */,
				B5A3E19B2A5B86DA00A39617 /* Model */,
				B5A3E19C2A5B86F200A39617 /* View */,
				B5A3E19A2A5B86D100A39617 /* Controller */,
				B5A3E1D02A5E242D00A39617 /* Helpers */,
				B5A3E2182A688CFE00A39617 /* Notes.txt */,
				B5A3E1822A5B834000A39617 /* AppDelegate.swift */,
				B5A3E1842A5B834000A39617 /* SceneDelegate.swift */,
				B5A3E1882A5B834000A39617 /* Main.storyboard */,
				B5A3E18B2A5B834300A39617 /* Assets.xcassets */,
				B5A3E18D2A5B834300A39617 /* LaunchScreen.storyboard */,
				B5A3E1902A5B834300A39617 /* Info.plist */,
				B5A3E1862A5B834000A39617 /* ViewController.swift */,
			);
			path = NASA_Images;
			sourceTree = "<group>";
		};
		B5A3E19A2A5B86D100A39617 /* Controller */ = {
			isa = PBXGroup;
			children = (
				B5A3E1962A5B83E300A39617 /* BaseTabBarController.swift */,
				B5A3E1982A5B85C700A39617 /* ImageSearchController.swift */,
				B5A3E2162A65E5E600A39617 /* DetailsController.swift */,
				B53888562A7B582400EEFCE8 /* ImageDetailsViewController.swift */,
			);
			path = Controller;
			sourceTree = "<group>";
		};
		B5A3E19B2A5B86DA00A39617 /* Model */ = {
			isa = PBXGroup;
			children = (
				B5A3E1D72A5E4FAD00A39617 /* Model.swift */,
			);
			path = Model;
			sourceTree = "<group>";
		};
		B5A3E19C2A5B86F200A39617 /* View */ = {
			isa = PBXGroup;
			children = (
				B5A3E21A2A68906D00A39617 /* Details */,
				B5A3E19E2A5B875C00A39617 /* SearchResultsCell.swift */,
				B5A3E1D52A5E3DAE00A39617 /* VerticalStackView.swift */,
			);
			path = View;
			sourceTree = "<group>";
		};
		B5A3E19D2A5B871900A39617 /* Service */ = {
			isa = PBXGroup;
			children = (
				B5A3E1D32A5E26A400A39617 /* Service.swift */,
			);
			path = Service;
			sourceTree = "<group>";
		};
		B5A3E1D02A5E242D00A39617 /* Helpers */ = {
			isa = PBXGroup;
			children = (
				B5A3E1D12A5E244A00A39617 /* Extensions.swift */,
				B5A3E2782A6CA7C800A39617 /* PinterestLayoutDelegae.swift */,
			);
			path = Helpers;
			sourceTree = "<group>";
		};
		B5A3E21A2A68906D00A39617 /* Details */ = {
			isa = PBXGroup;
			children = (
				B5A3E21B2A68909D00A39617 /* DetailsCell.swift */,
				B53888542A794F5100EEFCE8 /* PagingDescriptionCell.swift */,
				B53888522A794EF000EEFCE8 /* PagingImageCell.swift */,
			);
			path = Details;
			sourceTree = "<group>";
		};
		C8167FD003289A793C6636FC /* Frameworks */ = {
			isa = PBXGroup;
			children = (
				2C49246EDC82E6B8A371F403 /* Pods_NASA_Images.framework */,
			);
			name = Frameworks;
			sourceTree = "<group>";
		};
/* End PBXGroup section */

/* Begin PBXNativeTarget section */
		B5A3E17E2A5B834000A39617 /* NASA_Images */ = {
			isa = PBXNativeTarget;
			buildConfigurationList = B5A3E1932A5B834300A39617 /* Build configuration list for PBXNativeTarget "NASA_Images" */;
			buildPhases = (
				1A1A1F21781ECDE13E1D75E1 /* [CP] Check Pods Manifest.lock */,
				B5A3E17B2A5B834000A39617 /* Sources */,
				B5A3E17C2A5B834000A39617 /* Frameworks */,
				B5A3E17D2A5B834000A39617 /* Resources */,
				14D25CE04AFA0E3DDE5904EE /* [CP] Embed Pods Frameworks */,
			);
			buildRules = (
			);
			dependencies = (
			);
			name = NASA_Images;
			packageProductDependencies = (
				B5A3E2762A6A8B9A00A39617 /* CHTCollectionViewWaterfallLayout */,
			);
			productName = NASA_Images;
			productReference = B5A3E17F2A5B834000A39617 /* NASA_Images.app */;
			productType = "com.apple.product-type.application";
		};
/* End PBXNativeTarget section */

/* Begin PBXProject section */
		B5A3E1772A5B834000A39617 /* Project object */ = {
			isa = PBXProject;
			attributes = {
				BuildIndependentTargetsInParallel = 1;
				LastSwiftUpdateCheck = 1410;
				LastUpgradeCheck = 1410;
				TargetAttributes = {
					B5A3E17E2A5B834000A39617 = {
						CreatedOnToolsVersion = 14.1;
					};
				};
			};
			buildConfigurationList = B5A3E17A2A5B834000A39617 /* Build configuration list for PBXProject "NASA_Images" */;
			compatibilityVersion = "Xcode 14.0";
			developmentRegion = en;
			hasScannedForEncodings = 0;
			knownRegions = (
				en,
				Base,
			);
			mainGroup = B5A3E1762A5B834000A39617;
			packageReferences = (
				B5A3E2752A6A8B9A00A39617 /* XCRemoteSwiftPackageReference "CHTCollectionViewWaterfallLayout" */,
			);
			productRefGroup = B5A3E1802A5B834000A39617 /* Products */;
			projectDirPath = "";
			projectRoot = "";
			targets = (
				B5A3E17E2A5B834000A39617 /* NASA_Images */,
			);
		};
/* End PBXProject section */

/* Begin PBXResourcesBuildPhase section */
		B5A3E17D2A5B834000A39617 /* Resources */ = {
			isa = PBXResourcesBuildPhase;
			buildActionMask = 2147483647;
			files = (
				B5A3E2192A688CFE00A39617 /* Notes.txt in Resources */,
				B5A3E18F2A5B834300A39617 /* LaunchScreen.storyboard in Resources */,
				B5A3E18C2A5B834300A39617 /* Assets.xcassets in Resources */,
				B5A3E18A2A5B834000A39617 /* Main.storyboard in Resources */,
			);
			runOnlyForDeploymentPostprocessing = 0;
		};
/* End PBXResourcesBuildPhase section */

/* Begin PBXShellScriptBuildPhase section */
		14D25CE04AFA0E3DDE5904EE /* [CP] Embed Pods Frameworks */ = {
			isa = PBXShellScriptBuildPhase;
			buildActionMask = 2147483647;
			files = (
			);
			inputFileListPaths = (
				"${PODS_ROOT}/Target Support Files/Pods-NASA_Images/Pods-NASA_Images-frameworks-${CONFIGURATION}-input-files.xcfilelist",
			);
			name = "[CP] Embed Pods Frameworks";
			outputFileListPaths = (
				"${PODS_ROOT}/Target Support Files/Pods-NASA_Images/Pods-NASA_Images-frameworks-${CONFIGURATION}-output-files.xcfilelist",
			);
			runOnlyForDeploymentPostprocessing = 0;
			shellPath = /bin/sh;
			shellScript = "\"${PODS_ROOT}/Target Support Files/Pods-NASA_Images/Pods-NASA_Images-frameworks.sh\"\n";
			showEnvVarsInLog = 0;
		};
		1A1A1F21781ECDE13E1D75E1 /* [CP] Check Pods Manifest.lock */ = {
			isa = PBXShellScriptBuildPhase;
			buildActionMask = 2147483647;
			files = (
			);
			inputFileListPaths = (
			);
			inputPaths = (
				"${PODS_PODFILE_DIR_PATH}/Podfile.lock",
				"${PODS_ROOT}/Manifest.lock",
			);
			name = "[CP] Check Pods Manifest.lock";
			outputFileListPaths = (
			);
			outputPaths = (
				"$(DERIVED_FILE_DIR)/Pods-NASA_Images-checkManifestLockResult.txt",
			);
			runOnlyForDeploymentPostprocessing = 0;
			shellPath = /bin/sh;
			shellScript = "diff \"${PODS_PODFILE_DIR_PATH}/Podfile.lock\" \"${PODS_ROOT}/Manifest.lock\" > /dev/null\nif [ $? != 0 ] ; then\n    # print error to STDERR\n    echo \"error: The sandbox is not in sync with the Podfile.lock. Run 'pod install' or update your CocoaPods installation.\" >&2\n    exit 1\nfi\n# This output is used by Xcode 'outputs' to avoid re-running this script phase.\necho \"SUCCESS\" > \"${SCRIPT_OUTPUT_FILE_0}\"\n";
			showEnvVarsInLog = 0;
		};
/* End PBXShellScriptBuildPhase section */

/* Begin PBXSourcesBuildPhase section */
		B5A3E17B2A5B834000A39617 /* Sources */ = {
			isa = PBXSourcesBuildPhase;
			buildActionMask = 2147483647;
			files = (
				B5A3E19F2A5B875C00A39617 /* SearchResultsCell.swift in Sources */,
				B5A3E1972A5B83E300A39617 /* BaseTabBarController.swift in Sources */,
				B53888552A794F5100EEFCE8 /* PagingDescriptionCell.swift in Sources */,
				B5A3E21C2A68909D00A39617 /* DetailsCell.swift in Sources */,
				B5A3E1D22A5E244A00A39617 /* Extensions.swift in Sources */,
				B5A3E1992A5B85C700A39617 /* ImageSearchController.swift in Sources */,
				B5A3E1D42A5E26A400A39617 /* Service.swift in Sources */,
				B5A3E1D82A5E4FAD00A39617 /* Model.swift in Sources */,
				B5A3E1872A5B834000A39617 /* ViewController.swift in Sources */,
				B5A3E2172A65E5E600A39617 /* DetailsController.swift in Sources */,
				B53888532A794EF000EEFCE8 /* PagingImageCell.swift in Sources */,
				B5A3E1832A5B834000A39617 /* AppDelegate.swift in Sources */,
				B55A0F202A7432950052F75B /* PinterestLayout.swift in Sources */,
				B5A3E1852A5B834000A39617 /* SceneDelegate.swift in Sources */,
				B5A3E1D62A5E3DAE00A39617 /* VerticalStackView.swift in Sources */,
				B5A3E2792A6CA7C800A39617 /* PinterestLayoutDelegae.swift in Sources */,
				B53888572A7B582400EEFCE8 /* ImageDetailsViewController.swift in Sources */,
			);
			runOnlyForDeploymentPostprocessing = 0;
		};
/* End PBXSourcesBuildPhase section */

/* Begin PBXVariantGroup section */
		B5A3E1882A5B834000A39617 /* Main.storyboard */ = {
			isa = PBXVariantGroup;
			children = (
				B5A3E1892A5B834000A39617 /* Base */,
			);
			name = Main.storyboard;
			sourceTree = "<group>";
		};
		B5A3E18D2A5B834300A39617 /* LaunchScreen.storyboard */ = {
			isa = PBXVariantGroup;
			children = (
				B5A3E18E2A5B834300A39617 /* Base */,
			);
			name = LaunchScreen.storyboard;
			sourceTree = "<group>";
		};
/* End PBXVariantGroup section */

/* Begin XCBuildConfiguration section */
		B5A3E1912A5B834300A39617 /* Debug */ = {
			isa = XCBuildConfiguration;
			buildSettings = {
				ALWAYS_SEARCH_USER_PATHS = NO;
				CLANG_ANALYZER_NONNULL = YES;
				CLANG_ANALYZER_NUMBER_OBJECT_CONVERSION = YES_AGGRESSIVE;
				CLANG_CXX_LANGUAGE_STANDARD = "gnu++20";
				CLANG_ENABLE_MODULES = YES;
				CLANG_ENABLE_OBJC_ARC = YES;
				CLANG_ENABLE_OBJC_WEAK = YES;
				CLANG_WARN_BLOCK_CAPTURE_AUTORELEASING = YES;
				CLANG_WARN_BOOL_CONVERSION = YES;
				CLANG_WARN_COMMA = YES;
				CLANG_WARN_CONSTANT_CONVERSION = YES;
				CLANG_WARN_DEPRECATED_OBJC_IMPLEMENTATIONS = YES;
				CLANG_WARN_DIRECT_OBJC_ISA_USAGE = YES_ERROR;
				CLANG_WARN_DOCUMENTATION_COMMENTS = YES;
				CLANG_WARN_EMPTY_BODY = YES;
				CLANG_WARN_ENUM_CONVERSION = YES;
				CLANG_WARN_INFINITE_RECURSION = YES;
				CLANG_WARN_INT_CONVERSION = YES;
				CLANG_WARN_NON_LITERAL_NULL_CONVERSION = YES;
				CLANG_WARN_OBJC_IMPLICIT_RETAIN_SELF = YES;
				CLANG_WARN_OBJC_LITERAL_CONVERSION = YES;
				CLANG_WARN_OBJC_ROOT_CLASS = YES_ERROR;
				CLANG_WARN_QUOTED_INCLUDE_IN_FRAMEWORK_HEADER = YES;
				CLANG_WARN_RANGE_LOOP_ANALYSIS = YES;
				CLANG_WARN_STRICT_PROTOTYPES = YES;
				CLANG_WARN_SUSPICIOUS_MOVE = YES;
				CLANG_WARN_UNGUARDED_AVAILABILITY = YES_AGGRESSIVE;
				CLANG_WARN_UNREACHABLE_CODE = YES;
				CLANG_WARN__DUPLICATE_METHOD_MATCH = YES;
				COPY_PHASE_STRIP = NO;
				DEBUG_INFORMATION_FORMAT = dwarf;
				ENABLE_STRICT_OBJC_MSGSEND = YES;
				ENABLE_TESTABILITY = YES;
				GCC_C_LANGUAGE_STANDARD = gnu11;
				GCC_DYNAMIC_NO_PIC = NO;
				GCC_NO_COMMON_BLOCKS = YES;
				GCC_OPTIMIZATION_LEVEL = 0;
				GCC_PREPROCESSOR_DEFINITIONS = (
					"DEBUG=1",
					"$(inherited)",
				);
				GCC_WARN_64_TO_32_BIT_CONVERSION = YES;
				GCC_WARN_ABOUT_RETURN_TYPE = YES_ERROR;
				GCC_WARN_UNDECLARED_SELECTOR = YES;
				GCC_WARN_UNINITIALIZED_AUTOS = YES_AGGRESSIVE;
				GCC_WARN_UNUSED_FUNCTION = YES;
				GCC_WARN_UNUSED_VARIABLE = YES;
				IPHONEOS_DEPLOYMENT_TARGET = 16.1;
				MTL_ENABLE_DEBUG_INFO = INCLUDE_SOURCE;
				MTL_FAST_MATH = YES;
				ONLY_ACTIVE_ARCH = YES;
				SDKROOT = iphoneos;
				SWIFT_ACTIVE_COMPILATION_CONDITIONS = DEBUG;
				SWIFT_OPTIMIZATION_LEVEL = "-Onone";
			};
			name = Debug;
		};
		B5A3E1922A5B834300A39617 /* Release */ = {
			isa = XCBuildConfiguration;
			buildSettings = {
				ALWAYS_SEARCH_USER_PATHS = NO;
				CLANG_ANALYZER_NONNULL = YES;
				CLANG_ANALYZER_NUMBER_OBJECT_CONVERSION = YES_AGGRESSIVE;
				CLANG_CXX_LANGUAGE_STANDARD = "gnu++20";
				CLANG_ENABLE_MODULES = YES;
				CLANG_ENABLE_OBJC_ARC = YES;
				CLANG_ENABLE_OBJC_WEAK = YES;
				CLANG_WARN_BLOCK_CAPTURE_AUTORELEASING = YES;
				CLANG_WARN_BOOL_CONVERSION = YES;
				CLANG_WARN_COMMA = YES;
				CLANG_WARN_CONSTANT_CONVERSION = YES;
				CLANG_WARN_DEPRECATED_OBJC_IMPLEMENTATIONS = YES;
				CLANG_WARN_DIRECT_OBJC_ISA_USAGE = YES_ERROR;
				CLANG_WARN_DOCUMENTATION_COMMENTS = YES;
				CLANG_WARN_EMPTY_BODY = YES;
				CLANG_WARN_ENUM_CONVERSION = YES;
				CLANG_WARN_INFINITE_RECURSION = YES;
				CLANG_WARN_INT_CONVERSION = YES;
				CLANG_WARN_NON_LITERAL_NULL_CONVERSION = YES;
				CLANG_WARN_OBJC_IMPLICIT_RETAIN_SELF = YES;
				CLANG_WARN_OBJC_LITERAL_CONVERSION = YES;
				CLANG_WARN_OBJC_ROOT_CLASS = YES_ERROR;
				CLANG_WARN_QUOTED_INCLUDE_IN_FRAMEWORK_HEADER = YES;
				CLANG_WARN_RANGE_LOOP_ANALYSIS = YES;
				CLANG_WARN_STRICT_PROTOTYPES = YES;
				CLANG_WARN_SUSPICIOUS_MOVE = YES;
				CLANG_WARN_UNGUARDED_AVAILABILITY = YES_AGGRESSIVE;
				CLANG_WARN_UNREACHABLE_CODE = YES;
				CLANG_WARN__DUPLICATE_METHOD_MATCH = YES;
				COPY_PHASE_STRIP = NO;
				DEBUG_INFORMATION_FORMAT = "dwarf-with-dsym";
				ENABLE_NS_ASSERTIONS = NO;
				ENABLE_STRICT_OBJC_MSGSEND = YES;
				GCC_C_LANGUAGE_STANDARD = gnu11;
				GCC_NO_COMMON_BLOCKS = YES;
				GCC_WARN_64_TO_32_BIT_CONVERSION = YES;
				GCC_WARN_ABOUT_RETURN_TYPE = YES_ERROR;
				GCC_WARN_UNDECLARED_SELECTOR = YES;
				GCC_WARN_UNINITIALIZED_AUTOS = YES_AGGRESSIVE;
				GCC_WARN_UNUSED_FUNCTION = YES;
				GCC_WARN_UNUSED_VARIABLE = YES;
				IPHONEOS_DEPLOYMENT_TARGET = 16.1;
				MTL_ENABLE_DEBUG_INFO = NO;
				MTL_FAST_MATH = YES;
				SDKROOT = iphoneos;
				SWIFT_COMPILATION_MODE = wholemodule;
				SWIFT_OPTIMIZATION_LEVEL = "-O";
				VALIDATE_PRODUCT = YES;
			};
			name = Release;
		};
		B5A3E1942A5B834300A39617 /* Debug */ = {
			isa = XCBuildConfiguration;
			baseConfigurationReference = 89E1507C0EF8EFE8F02AE923 /* Pods-NASA_Images.debug.xcconfig */;
			buildSettings = {
				ASSETCATALOG_COMPILER_APPICON_NAME = AppIcon;
				ASSETCATALOG_COMPILER_GLOBAL_ACCENT_COLOR_NAME = AccentColor;
				CODE_SIGN_STYLE = Automatic;
				CURRENT_PROJECT_VERSION = 1;
				DEVELOPMENT_TEAM = 493Q35DJV9;
				GENERATE_INFOPLIST_FILE = YES;
				INFOPLIST_FILE = NASA_Images/Info.plist;
				INFOPLIST_KEY_UIApplicationSupportsIndirectInputEvents = YES;
				INFOPLIST_KEY_UILaunchStoryboardName = LaunchScreen;
				INFOPLIST_KEY_UIMainStoryboardFile = Main;
				INFOPLIST_KEY_UISupportedInterfaceOrientations_iPad = "UIInterfaceOrientationPortrait UIInterfaceOrientationPortraitUpsideDown UIInterfaceOrientationLandscapeLeft UIInterfaceOrientationLandscapeRight";
				INFOPLIST_KEY_UISupportedInterfaceOrientations_iPhone = "UIInterfaceOrientationPortrait UIInterfaceOrientationLandscapeLeft UIInterfaceOrientationLandscapeRight";
				LD_RUNPATH_SEARCH_PATHS = (
					"$(inherited)",
					"@executable_path/Frameworks",
				);
				MARKETING_VERSION = 1.0;
				PRODUCT_BUNDLE_IDENTIFIER = "com.benlee.h.NASA-Images";
				PRODUCT_NAME = "$(TARGET_NAME)";
				SWIFT_EMIT_LOC_STRINGS = YES;
				SWIFT_VERSION = 5.0;
				TARGETED_DEVICE_FAMILY = "1,2";
			};
			name = Debug;
		};
		B5A3E1952A5B834300A39617 /* Release */ = {
			isa = XCBuildConfiguration;
			baseConfigurationReference = 391173878203512C0E1F313A /* Pods-NASA_Images.release.xcconfig */;
			buildSettings = {
				ASSETCATALOG_COMPILER_APPICON_NAME = AppIcon;
				ASSETCATALOG_COMPILER_GLOBAL_ACCENT_COLOR_NAME = AccentColor;
				CODE_SIGN_STYLE = Automatic;
				CURRENT_PROJECT_VERSION = 1;
				DEVELOPMENT_TEAM = 493Q35DJV9;
				GENERATE_INFOPLIST_FILE = YES;
				INFOPLIST_FILE = NASA_Images/Info.plist;
				INFOPLIST_KEY_UIApplicationSupportsIndirectInputEvents = YES;
				INFOPLIST_KEY_UILaunchStoryboardName = LaunchScreen;
				INFOPLIST_KEY_UIMainStoryboardFile = Main;
				INFOPLIST_KEY_UISupportedInterfaceOrientations_iPad = "UIInterfaceOrientationPortrait UIInterfaceOrientationPortraitUpsideDown UIInterfaceOrientationLandscapeLeft UIInterfaceOrientationLandscapeRight";
				INFOPLIST_KEY_UISupportedInterfaceOrientations_iPhone = "UIInterfaceOrientationPortrait UIInterfaceOrientationLandscapeLeft UIInterfaceOrientationLandscapeRight";
				LD_RUNPATH_SEARCH_PATHS = (
					"$(inherited)",
					"@executable_path/Frameworks",
				);
				MARKETING_VERSION = 1.0;
				PRODUCT_BUNDLE_IDENTIFIER = "com.benlee.h.NASA-Images";
				PRODUCT_NAME = "$(TARGET_NAME)";
				SWIFT_EMIT_LOC_STRINGS = YES;
				SWIFT_VERSION = 5.0;
				TARGETED_DEVICE_FAMILY = "1,2";
			};
			name = Release;
		};
/* End XCBuildConfiguration section */

/* Begin XCConfigurationList section */
		B5A3E17A2A5B834000A39617 /* Build configuration list for PBXProject "NASA_Images" */ = {
			isa = XCConfigurationList;
			buildConfigurations = (
				B5A3E1912A5B834300A39617 /* Debug */,
				B5A3E1922A5B834300A39617 /* Release */,
			);
			defaultConfigurationIsVisible = 0;
			defaultConfigurationName = Release;
		};
		B5A3E1932A5B834300A39617 /* Build configuration list for PBXNativeTarget "NASA_Images" */ = {
			isa = XCConfigurationList;
			buildConfigurations = (
				B5A3E1942A5B834300A39617 /* Debug */,
				B5A3E1952A5B834300A39617 /* Release */,
			);
			defaultConfigurationIsVisible = 0;
			defaultConfigurationName = Release;
		};
/* End XCConfigurationList section */

/* Begin XCRemoteSwiftPackageReference section */
		B5A3E2752A6A8B9A00A39617 /* XCRemoteSwiftPackageReference "CHTCollectionViewWaterfallLayout" */ = {
			isa = XCRemoteSwiftPackageReference;
			repositoryURL = "https://github.com/AfrazCodes/CHTCollectionViewWaterfallLayout";
			requirement = {
				branch = develop;
				kind = branch;
			};
		};
/* End XCRemoteSwiftPackageReference section */

/* Begin XCSwiftPackageProductDependency section */
		B5A3E2762A6A8B9A00A39617 /* CHTCollectionViewWaterfallLayout */ = {
			isa = XCSwiftPackageProductDependency;
			package = B5A3E2752A6A8B9A00A39617 /* XCRemoteSwiftPackageReference "CHTCollectionViewWaterfallLayout" */;
			productName = CHTCollectionViewWaterfallLayout;
		};
/* End XCSwiftPackageProductDependency section */
	};
	rootObject = B5A3E1772A5B834000A39617 /* Project object */;
}
